{
  "name": "sm-babylonjs",
  "version": "1.0.0",
  "lockfileVersion": 3,
  "requires": true,
  "packages": {
    "": {
      "name": "sm-babylonjs",
      "version": "1.0.0",
      "license": "ISC",
      "dependencies": {
        "@babylonjs/core": "^6.31.0",
        "@babylonjs/loaders": "^6.31.0",
        "@types/node": "^16.18.65",
        "ammojs-typed": "^1.0.6"
      },
      "devDependencies": {
        "@types/node": "^20.10.5",
        "typescript": "^5.3.3"
      }
    },
    "node_modules/@babylonjs/core": {
      "version": "6.43.0",
      "resolved": "https://registry.npmjs.org/@babylonjs/core/-/core-6.43.0.tgz",
      "integrity": "sha512-pLFvvtC26TeICUcF0YjuuQqvCahJwPlATXnJkvBzMWXXxUE0Y5rI8L28iScu2WKy975605KdccJI5VL2NG7sUQ=="
    },
    "node_modules/@babylonjs/loaders": {
      "version": "6.43.0",
      "resolved": "https://registry.npmjs.org/@babylonjs/loaders/-/loaders-6.43.0.tgz",
      "integrity": "sha512-+cgw4NDchjc/5dZYGzOEhJU+9++ygYlA+ChybE5yvF+yUDWZ7fGXnEXMFImXeFELjk5RRK1NS3H3YvPe7A+Rug==",
      "peerDependencies": {
        "@babylonjs/core": "^6.0.0",
        "babylonjs-gltf2interface": "^6.0.0"
      }
    },
    "node_modules/@types/node": {
      "version": "20.11.19",
      "resolved": "https://registry.npmjs.org/@types/node/-/node-20.11.19.tgz",
      "integrity": "sha512-7xMnVEcZFu0DikYjWOlRq7NTPETrm7teqUT2WkQjrTIkEgUyyGdWsj/Zg8bEJt5TNklzbPD1X3fqfsHw3SpapQ==",
      "dev": true,
      "dependencies": {
        "undici-types": "~5.26.4"
      }
    },
    "node_modules/ammojs-typed": {
      "version": "1.0.6",
      "resolved": "https://registry.npmjs.org/ammojs-typed/-/ammojs-typed-1.0.6.tgz",
      "integrity": "sha512-ut/tD0m5eEdlJ5KK97ma6SIEGZ4FN3AJTSVz8wl6C4EtnpVQdP70lOwgDMJKsHjTohxc2/xEZl6yJfMBZNlQ5w=="
    },
    "node_modules/babylonjs-gltf2interface": {
      "version": "6.43.0",
      "resolved": "https://registry.npmjs.org/babylonjs-gltf2interface/-/babylonjs-gltf2interface-6.43.0.tgz",
      "integrity": "sha512-+orCb4giE41Ysl8d2ZOeYCRBsT6FnmDwkW9+sHcEACUEpdtFeTShZ+ckucDAB/Ia2e3ah9F2hADbGA/8TfFngg==",
      "peer": true
    },
    "node_modules/typescript": {
      "version": "5.3.3",
      "resolved": "https://registry.npmjs.org/typescript/-/typescript-5.3.3.tgz",
      "integrity": "sha512-pXWcraxM0uxAS+tN0AG/BF2TyqmHO014Z070UsJ+pFvYuRSq8KH8DmWpnbXe0pEPDHXZV3FcAbJkijJ5oNEnWw==",
      "dev": true,
      "bin": {
        "tsc": "bin/tsc",
        "tsserver": "bin/tsserver"
      },
      "engines": {
        "node": ">=14.17"
      }
    },
    "node_modules/undici-types": {
      "version": "5.26.5",
      "resolved": "https://registry.npmjs.org/undici-types/-/undici-types-5.26.5.tgz",
      "integrity": "sha512-JlCMO+ehdEIKqlFxk6IfVoAUVmgz7cU7zD/h9XZ0qzeosSHmUJVOzSQvvYSYWXkFXC+IfLKSIffhv0sVZup6pA==",
      "dev": true
    }
  }
}
