# THIS IS AN AUTOGENERATED FILE. DO NOT EDIT THIS FILE DIRECTLY.
# yarn lockfile v1


"@babylonjs/core@^6.31.0":
  version "6.43.0"
  resolved "https://registry.yarnpkg.com/@babylonjs/core/-/core-6.43.0.tgz#dcc4092de79f5a4c6be8b98efa5d1aea17f50871"
  integrity sha512-pLFvvtC26TeICUcF0YjuuQqvCahJwPlATXnJkvBzMWXXxUE0Y5rI8L28iScu2WKy975605KdccJI5VL2NG7sUQ==

"@babylonjs/loaders@^6.31.0":
  version "6.43.0"
  resolved "https://registry.yarnpkg.com/@babylonjs/loaders/-/loaders-6.43.0.tgz#495fbaef75cfe0a417222caea1f7236994205975"
  integrity sha512-+cgw4NDchjc/5dZYGzOEhJU+9++ygYlA+ChybE5yvF+yUDWZ7fGXnEXMFImXeFELjk5RRK1NS3H3YvPe7A+Rug==

"@types/node@^16.18.65":
  version "16.18.82"
  resolved "https://registry.yarnpkg.com/@types/node/-/node-16.18.82.tgz#58d734b4acaa5be339864bbec9cd8024dd0b43d5"
  integrity sha512-pcDZtkx9z8XYV+ius2P3Ot2VVrcYOfXffBQUBuiszrlUzKSmoDYqo+mV+IoL8iIiIjjtOMvNSmH1hwJ+Q+f96Q==

typescript@^5.3.3:
  version "5.3.3"
  resolved "https://registry.yarnpkg.com/typescript/-/typescript-5.3.3.tgz#b3ce6ba258e72e6305ba66f5c9b452aaee3ffe37"
  integrity sha512-pXWcraxM0uxAS+tN0AG/BF2TyqmHO014Z070UsJ+pFvYuRSq8KH8DmWpnbXe0pEPDHXZV3FcAbJkijJ5oNEnWw==
